
Microsoft Visual Studio Solution File, Format Version 12.00
# Visual Studio 15
VisualStudioVersion = 15.0.27428.2002
MinimumVisualStudioVersion = 10.0.40219.1
Project("{FAE04EC0-301F-11D3-BF4B-00C04F79EFBC}") = "Module2.4", "Module2.4\Module2.4.csproj", "{FFB802CF-5EFE-4ABC-8BFF-6F410DD9D0EB}"
EndProject
Global
	GlobalSection(SolutionConfigurationPlatforms) = preSolution
		Debug|Any CPU = Debug|Any CPU
		Release|Any CPU = Release|Any CPU
	EndGlobalSection
	GlobalSection(ProjectConfigurationPlatforms) = postSolution
		{FFB802CF-5EFE-4ABC-8BFF-6F410DD9D0EB}.Debug|Any CPU.ActiveCfg = Debug|Any CPU
		{FFB802CF-5EFE-4ABC-8BFF-6F410DD9D0EB}.Debug|Any CPU.Build.0 = Debug|Any CPU
		{FFB802CF-5EFE-4ABC-8BFF-6F410DD9D0EB}.Release|Any CPU.ActiveCfg = Release|Any CPU
		{FFB802CF-5EFE-4ABC-8BFF-6F410DD9D0EB}.Release|Any CPU.Build.0 = Release|Any CPU
	EndGlobalSection
	GlobalSection(SolutionProperties) = preSolution
		HideSolutionNode = FALSE
	EndGlobalSection
	GlobalSection(ExtensibilityGlobals) = postSolution
		SolutionGuid = {50536612-CF37-43B7-A2BB-3567769C1E3E}
	EndGlobalSection
EndGlobal
