
Microsoft Visual Studio Solution File, Format Version 12.00
# Visual Studio 15
VisualStudioVersion = 15.0.27703.2026
MinimumVisualStudioVersion = 10.0.40219.1
Project("{FAE04EC0-301F-11D3-BF4B-00C04F79EFBC}") = "Task_01", "Homework\Task_01.csproj", "{C690992C-8123-4F1F-BA1D-4BB898A06001}"
EndProject
Project("{FAE04EC0-301F-11D3-BF4B-00C04F79EFBC}") = "Task_02", "Task_02\Task_02.csproj", "{759CE304-3B03-4187-8D10-9961C4DFD8CE}"
EndProject
Project("{FAE04EC0-301F-11D3-BF4B-00C04F79EFBC}") = "Task_03", "Task_03\Task_03.csproj", "{1648121F-90F6-47C0-8109-8DA20AC187C6}"
EndProject
Project("{FAE04EC0-301F-11D3-BF4B-00C04F79EFBC}") = "Task_04", "Task_04\Task_04.csproj", "{682EC7E2-4F48-4E85-9E24-D39DFE8ADE2D}"
EndProject
Project("{FAE04EC0-301F-11D3-BF4B-00C04F79EFBC}") = "Task_05", "Task_05\Task_05.csproj", "{278915C7-9EA2-4114-9F34-9AFC589AAF75}"
EndProject
Project("{FAE04EC0-301F-11D3-BF4B-00C04F79EFBC}") = "Task_06", "Task_06\Task_06.csproj", "{BB989FB8-205D-4109-B3E6-8E673FD29EF1}"
EndProject
Project("{FAE04EC0-301F-11D3-BF4B-00C04F79EFBC}") = "Task_07", "Task_07\Task_07.csproj", "{3D1EA7D2-C1C3-4FB5-B644-61C50EC0BF2F}"
EndProject
Project("{FAE04EC0-301F-11D3-BF4B-00C04F79EFBC}") = "Task_08", "Task_08\Task_08.csproj", "{7CE7B7CB-7E52-4891-B2B7-E595DDA88C66}"
EndProject
Project("{FAE04EC0-301F-11D3-BF4B-00C04F79EFBC}") = "Task_09", "Task_09\Task_09.csproj", "{9E07C17B-DFDF-4F5A-B756-97CF827F6717}"
EndProject
Global
	GlobalSection(SolutionConfigurationPlatforms) = preSolution
		Debug|Any CPU = Debug|Any CPU
		Release|Any CPU = Release|Any CPU
	EndGlobalSection
	GlobalSection(ProjectConfigurationPlatforms) = postSolution
		{C690992C-8123-4F1F-BA1D-4BB898A06001}.Debug|Any CPU.ActiveCfg = Debug|Any CPU
		{C690992C-8123-4F1F-BA1D-4BB898A06001}.Debug|Any CPU.Build.0 = Debug|Any CPU
		{C690992C-8123-4F1F-BA1D-4BB898A06001}.Release|Any CPU.ActiveCfg = Release|Any CPU
		{C690992C-8123-4F1F-BA1D-4BB898A06001}.Release|Any CPU.Build.0 = Release|Any CPU
		{759CE304-3B03-4187-8D10-9961C4DFD8CE}.Debug|Any CPU.ActiveCfg = Debug|Any CPU
		{759CE304-3B03-4187-8D10-9961C4DFD8CE}.Debug|Any CPU.Build.0 = Debug|Any CPU
		{759CE304-3B03-4187-8D10-9961C4DFD8CE}.Release|Any CPU.ActiveCfg = Release|Any CPU
		{759CE304-3B03-4187-8D10-9961C4DFD8CE}.Release|Any CPU.Build.0 = Release|Any CPU
		{1648121F-90F6-47C0-8109-8DA20AC187C6}.Debug|Any CPU.ActiveCfg = Debug|Any CPU
		{1648121F-90F6-47C0-8109-8DA20AC187C6}.Debug|Any CPU.Build.0 = Debug|Any CPU
		{1648121F-90F6-47C0-8109-8DA20AC187C6}.Release|Any CPU.ActiveCfg = Release|Any CPU
		{1648121F-90F6-47C0-8109-8DA20AC187C6}.Release|Any CPU.Build.0 = Release|Any CPU
		{682EC7E2-4F48-4E85-9E24-D39DFE8ADE2D}.Debug|Any CPU.ActiveCfg = Debug|Any CPU
		{682EC7E2-4F48-4E85-9E24-D39DFE8ADE2D}.Debug|Any CPU.Build.0 = Debug|Any CPU
		{682EC7E2-4F48-4E85-9E24-D39DFE8ADE2D}.Release|Any CPU.ActiveCfg = Release|Any CPU
		{682EC7E2-4F48-4E85-9E24-D39DFE8ADE2D}.Release|Any CPU.Build.0 = Release|Any CPU
		{278915C7-9EA2-4114-9F34-9AFC589AAF75}.Debug|Any CPU.ActiveCfg = Debug|Any CPU
		{278915C7-9EA2-4114-9F34-9AFC589AAF75}.Debug|Any CPU.Build.0 = Debug|Any CPU
		{278915C7-9EA2-4114-9F34-9AFC589AAF75}.Release|Any CPU.ActiveCfg = Release|Any CPU
		{278915C7-9EA2-4114-9F34-9AFC589AAF75}.Release|Any CPU.Build.0 = Release|Any CPU
		{BB989FB8-205D-4109-B3E6-8E673FD29EF1}.Debug|Any CPU.ActiveCfg = Debug|Any CPU
		{BB989FB8-205D-4109-B3E6-8E673FD29EF1}.Debug|Any CPU.Build.0 = Debug|Any CPU
		{BB989FB8-205D-4109-B3E6-8E673FD29EF1}.Release|Any CPU.ActiveCfg = Release|Any CPU
		{BB989FB8-205D-4109-B3E6-8E673FD29EF1}.Release|Any CPU.Build.0 = Release|Any CPU
		{3D1EA7D2-C1C3-4FB5-B644-61C50EC0BF2F}.Debug|Any CPU.ActiveCfg = Debug|Any CPU
		{3D1EA7D2-C1C3-4FB5-B644-61C50EC0BF2F}.Debug|Any CPU.Build.0 = Debug|Any CPU
		{3D1EA7D2-C1C3-4FB5-B644-61C50EC0BF2F}.Release|Any CPU.ActiveCfg = Release|Any CPU
		{3D1EA7D2-C1C3-4FB5-B644-61C50EC0BF2F}.Release|Any CPU.Build.0 = Release|Any CPU
		{7CE7B7CB-7E52-4891-B2B7-E595DDA88C66}.Debug|Any CPU.ActiveCfg = Debug|Any CPU
		{7CE7B7CB-7E52-4891-B2B7-E595DDA88C66}.Debug|Any CPU.Build.0 = Debug|Any CPU
		{7CE7B7CB-7E52-4891-B2B7-E595DDA88C66}.Release|Any CPU.ActiveCfg = Release|Any CPU
		{7CE7B7CB-7E52-4891-B2B7-E595DDA88C66}.Release|Any CPU.Build.0 = Release|Any CPU
		{9E07C17B-DFDF-4F5A-B756-97CF827F6717}.Debug|Any CPU.ActiveCfg = Debug|Any CPU
		{9E07C17B-DFDF-4F5A-B756-97CF827F6717}.Debug|Any CPU.Build.0 = Debug|Any CPU
		{9E07C17B-DFDF-4F5A-B756-97CF827F6717}.Release|Any CPU.ActiveCfg = Release|Any CPU
		{9E07C17B-DFDF-4F5A-B756-97CF827F6717}.Release|Any CPU.Build.0 = Release|Any CPU
	EndGlobalSection
	GlobalSection(SolutionProperties) = preSolution
		HideSolutionNode = FALSE
	EndGlobalSection
	GlobalSection(ExtensibilityGlobals) = postSolution
		SolutionGuid = {93A1452C-2541-4791-B960-A3C9EA2B06E3}
	EndGlobalSection
EndGlobal
