
Microsoft Visual Studio Solution File, Format Version 12.00
# Visual Studio 15
VisualStudioVersion = 15.0.27703.2026
MinimumVisualStudioVersion = 10.0.40219.1
Project("{FAE04EC0-301F-11D3-BF4B-00C04F79EFBC}") = "GameTask", "GameTask\GameTask.csproj", "{6AC3AAE6-4926-42F8-8F9B-B9453D7145AA}"
EndProject
Global
	GlobalSection(SolutionConfigurationPlatforms) = preSolution
		Debug|Any CPU = Debug|Any CPU
		Release|Any CPU = Release|Any CPU
	EndGlobalSection
	GlobalSection(ProjectConfigurationPlatforms) = postSolution
		{6AC3AAE6-4926-42F8-8F9B-B9453D7145AA}.Debug|Any CPU.ActiveCfg = Debug|Any CPU
		{6AC3AAE6-4926-42F8-8F9B-B9453D7145AA}.Debug|Any CPU.Build.0 = Debug|Any CPU
		{6AC3AAE6-4926-42F8-8F9B-B9453D7145AA}.Release|Any CPU.ActiveCfg = Release|Any CPU
		{6AC3AAE6-4926-42F8-8F9B-B9453D7145AA}.Release|Any CPU.Build.0 = Release|Any CPU
	EndGlobalSection
	GlobalSection(SolutionProperties) = preSolution
		HideSolutionNode = FALSE
	EndGlobalSection
	GlobalSection(ExtensibilityGlobals) = postSolution
		SolutionGuid = {773E453D-0949-4275-8569-6E922E86236F}
	EndGlobalSection
EndGlobal
